{
    "name": "timelord",
    "version": "0.1.0",
    "lockfileVersion": 1,
    "requires": true,
    "dependencies": {
        "@newrelic/native-metrics": {
            "version": "2.1.2",
            "resolved": "https://registry.npmjs.org/@newrelic/native-metrics/-/native-metrics-2.1.2.tgz",
            "integrity": "sha1-mlldxgJlS3FxiKKUUHCHpR55+6M=",
            "optional": true,
            "requires": {
                "nan": "2.7.0"
            }
        },
        "agent-base": {
            "version": "1.0.2",
            "resolved": "https://registry.npmjs.org/agent-base/-/agent-base-1.0.2.tgz",
            "integrity": "sha1-aJDT+yFwBLYrcPiSjg+uX4lSpwY="
        },
        "async": {
            "version": "1.0.0",
            "resolved": "https://registry.npmjs.org/async/-/async-1.0.0.tgz",
            "integrity": "sha1-+PwEyjoTeErenhZBr5hXjPvWR6k="
        },
        "cjopus": {
            "version": "0.0.4",
            "resolved": "https://registry.npmjs.org/cjopus/-/cjopus-0.0.4.tgz",
            "integrity": "sha1-RvPPyWuD99eERt6LTP2ZS1iJqaA="
        },
        "colors": {
            "version": "1.0.3",
            "resolved": "https://registry.npmjs.org/colors/-/colors-1.0.3.tgz",
            "integrity": "sha1-BDP0TYCWgP3rYO0mDxsMJi6CpAs="
        },
        "concat-stream": {
            "version": "1.6.0",
            "resolved": "https://registry.npmjs.org/concat-stream/-/concat-stream-1.6.0.tgz",
            "integrity": "sha1-CqxmL9Ur54lk1VMvaUeE5wEQrPc=",
            "requires": {
                "inherits": "2.0.3",
                "readable-stream": "2.3.3",
                "typedarray": "0.0.6"
            }
        },
        "core-util-is": {
            "version": "1.0.2",
            "resolved": "https://registry.npmjs.org/core-util-is/-/core-util-is-1.0.2.tgz",
            "integrity": "sha1-tf1UIgqivFq1eqtxQMlAdUUDwac="
        },
        "cycle": {
            "version": "1.0.3",
            "resolved": "https://registry.npmjs.org/cycle/-/cycle-1.0.3.tgz",
            "integrity": "sha1-IegLK+hYD5i0aPN5QwZisEbDStI="
        },
        "debug": {
            "version": "2.6.9",
            "resolved": "https://registry.npmjs.org/debug/-/debug-2.6.9.tgz",
            "integrity": "sha512-bC7ElrdJaJnPbAP+1EotYvqZsb3ecl5wi6Bfi6BJTUcNowp6cvspg0jXznRTKDjm/E7AdgFBVeAPVMNcKGsHMA==",
            "requires": {
                "ms": "2.0.0"
            }
        },
        "discord.io": {
            "version": "2.5.3",
            "resolved": "https://registry.npmjs.org/discord.io/-/discord.io-2.5.3.tgz",
            "integrity": "sha1-otudqkBXgxpY7Mp177lAt3mdQ18=",
            "requires": {
                "cjopus": "0.0.4",
                "tweetnacl": "0.14.5",
                "ws": "1.1.5"
            }
        },
        "extend": {
            "version": "3.0.1",
            "resolved": "https://registry.npmjs.org/extend/-/extend-3.0.1.tgz",
            "integrity": "sha1-p1Xqe8Gt/MWjHOfnYtuq3F5jZEQ="
        },
        "eyes": {
            "version": "0.1.8",
            "resolved": "https://registry.npmjs.org/eyes/-/eyes-0.1.8.tgz",
            "integrity": "sha1-Ys8SAjTGg3hdkCNIqADvPgzCC8A="
        },
        "https-proxy-agent": {
            "version": "0.3.6",
            "resolved": "https://registry.npmjs.org/https-proxy-agent/-/https-proxy-agent-0.3.6.tgz",
            "integrity": "sha1-cT+jjl01P1DrFKNC/r4pAz7RYZs=",
            "requires": {
                "agent-base": "1.0.2",
                "debug": "2.6.9",
                "extend": "3.0.1"
            }
        },
        "inherits": {
            "version": "2.0.3",
            "resolved": "https://registry.npmjs.org/inherits/-/inherits-2.0.3.tgz",
            "integrity": "sha1-Yzwsg+PaQqUC9SRmAiSA9CCCYd4="
        },
        "isarray": {
            "version": "1.0.0",
            "resolved": "https://registry.npmjs.org/isarray/-/isarray-1.0.0.tgz",
            "integrity": "sha1-u5NdSFgsuhaMBoNJV6VKPgcSTxE="
        },
        "isstream": {
            "version": "0.1.2",
            "resolved": "https://registry.npmjs.org/isstream/-/isstream-0.1.2.tgz",
            "integrity": "sha1-R+Y/evVa+m+S4VAOaQ64uFKcCZo="
        },
        "json-stringify-safe": {
            "version": "5.0.1",
            "resolved": "https://registry.npmjs.org/json-stringify-safe/-/json-stringify-safe-5.0.1.tgz",
            "integrity": "sha1-Epai1Y/UXxmg9s4B1lcB4sc1tus="
        },
        "lodash": {
            "version": "4.17.4",
            "resolved": "https://registry.npmjs.org/lodash/-/lodash-4.17.4.tgz",
            "integrity": "sha1-eCA6TRwyiuHYbcpkYONptX9AVa4="
        },
        "ms": {
            "version": "2.0.0",
            "resolved": "https://registry.npmjs.org/ms/-/ms-2.0.0.tgz",
            "integrity": "sha1-VgiurfwAvmwpAd9fmGF4jeDVl8g="
        },
        "nan": {
            "version": "2.7.0",
            "resolved": "https://registry.npmjs.org/nan/-/nan-2.7.0.tgz",
            "integrity": "sha1-2Vv3IeyHfgjbJ27T/G63j5CDrUY=",
            "optional": true
        },
        "newrelic": {
            "version": "2.3.2",
            "resolved": "https://registry.npmjs.org/newrelic/-/newrelic-2.3.2.tgz",
            "integrity": "sha1-IBAHyx+4JFUsDgVx9OLbplyhe7U=",
            "requires": {
                "@newrelic/native-metrics": "2.1.2",
                "async": "2.6.0",
                "concat-stream": "1.6.0",
                "https-proxy-agent": "0.3.6",
                "json-stringify-safe": "5.0.1",
                "readable-stream": "2.3.3",
                "semver": "5.4.1"
            },
            "dependencies": {
                "async": {
                    "version": "2.6.0",
                    "resolved": "https://registry.npmjs.org/async/-/async-2.6.0.tgz",
                    "integrity": "sha512-xAfGg1/NTLBBKlHFmnd7PlmUW9KhVQIUuSrYem9xzFUZy13ScvtyGGejaae9iAVRiRq9+Cx7DPFaAAhCpyxyPw==",
                    "requires": {
                        "lodash": "4.17.4"
                    }
                }
            }
        },
        "options": {
            "version": "0.0.6",
            "resolved": "https://registry.npmjs.org/options/-/options-0.0.6.tgz",
            "integrity": "sha1-7CLTEoBrtT5zF3Pnza788cZDEo8="
        },
        "process-nextick-args": {
            "version": "1.0.7",
            "resolved": "https://registry.npmjs.org/process-nextick-args/-/process-nextick-args-1.0.7.tgz",
            "integrity": "sha1-FQ4gt1ZZCtP5EJPyWk8q2L/zC6M="
        },
        "readable-stream": {
            "version": "2.3.3",
            "resolved": "https://registry.npmjs.org/readable-stream/-/readable-stream-2.3.3.tgz",
            "integrity": "sha512-m+qzzcn7KUxEmd1gMbchF+Y2eIUbieUaxkWtptyHywrX0rE8QEYqPC07Vuy4Wm32/xE16NcdBctb8S0Xe/5IeQ==",
            "requires": {
                "core-util-is": "1.0.2",
                "inherits": "2.0.3",
                "isarray": "1.0.0",
                "process-nextick-args": "1.0.7",
                "safe-buffer": "5.1.1",
                "string_decoder": "1.0.3",
                "util-deprecate": "1.0.2"
            }
        },
        "safe-buffer": {
            "version": "5.1.1",
            "resolved": "https://registry.npmjs.org/safe-buffer/-/safe-buffer-5.1.1.tgz",
            "integrity": "sha512-kKvNJn6Mm93gAczWVJg7wH+wGYWNrDHdWvpUmHyEsgCtIwwo3bqPtV4tR5tuPaUhTOo/kvhVwd8XwwOllGYkbg=="
        },
        "semver": {
            "version": "5.4.1",
            "resolved": "https://registry.npmjs.org/semver/-/semver-5.4.1.tgz",
            "integrity": "sha512-WfG/X9+oATh81XtllIo/I8gOiY9EXRdv1cQdyykeXK17YcUW3EXUAi2To4pcH6nZtJPr7ZOpM5OMyWJZm+8Rsg=="
        },
        "stack-trace": {
            "version": "0.0.10",
            "resolved": "https://registry.npmjs.org/stack-trace/-/stack-trace-0.0.10.tgz",
            "integrity": "sha1-VHxws0fo0ytOEI6hoqFZ5f3eGcA="
        },
        "string_decoder": {
            "version": "1.0.3",
            "resolved": "https://registry.npmjs.org/string_decoder/-/string_decoder-1.0.3.tgz",
            "integrity": "sha512-4AH6Z5fzNNBcH+6XDMfA/BTt87skxqJlO0lAh3Dker5zThcAxG6mKz+iGu308UKoPPQ8Dcqx/4JhujzltRa+hQ==",
            "requires": {
                "safe-buffer": "5.1.1"
            }
        },
        "tweetnacl": {
            "version": "0.14.5",
            "resolved": "https://registry.npmjs.org/tweetnacl/-/tweetnacl-0.14.5.tgz",
            "integrity": "sha1-WuaBd/GS1EViadEIr6k/+HQ/T2Q="
        },
        "typedarray": {
            "version": "0.0.6",
            "resolved": "https://registry.npmjs.org/typedarray/-/typedarray-0.0.6.tgz",
            "integrity": "sha1-hnrHTjhkGHsdPUfZlqeOxciDB3c="
        },
        "ultron": {
            "version": "1.0.2",
            "resolved": "https://registry.npmjs.org/ultron/-/ultron-1.0.2.tgz",
            "integrity": "sha1-rOEWq1V80Zc4ak6I9GhTeMiy5Po="
        },
        "util-deprecate": {
            "version": "1.0.2",
            "resolved": "https://registry.npmjs.org/util-deprecate/-/util-deprecate-1.0.2.tgz",
            "integrity": "sha1-RQ1Nyfpw3nMnYvvS1KKJgUGaDM8="
        },
        "winston": {
            "version": "2.4.0",
            "resolved": "https://registry.npmjs.org/winston/-/winston-2.4.0.tgz",
            "integrity": "sha1-gIBQuT1SZh7Z+2wms/DIJnCLCu4=",
            "requires": {
                "async": "1.0.0",
                "colors": "1.0.3",
                "cycle": "1.0.3",
                "eyes": "0.1.8",
                "isstream": "0.1.2",
                "stack-trace": "0.0.10"
            }
        },
        "ws": {
            "version": "1.1.5",
            "resolved": "https://registry.npmjs.org/ws/-/ws-1.1.5.tgz",
            "integrity": "sha512-o3KqipXNUdS7wpQzBHSe180lBGO60SoK0yVo3CYJgb2MkobuWuBX6dhkYP5ORCLd55y+SaflMOV5fqAB53ux4w==",
            "requires": {
                "options": "0.0.6",
                "ultron": "1.0.2"
            }
        }
    }
}
